
Microsoft Visual Studio Solution File, Format Version 12.00
# Visual Studio Version 17
VisualStudioVersion = 17.13.35919.96
MinimumVisualStudioVersion = 10.0.40219.1
Project("{FAE04EC0-301F-11D3-BF4B-00C04F79EFBC}") = "Fundusze.Application", "Fundusze.Application\Fundusze.Application.csproj", "{F7EE4BF4-1D3B-D1B9-6180-D988ABCB55E8}"
EndProject
Project("{FAE04EC0-301F-11D3-BF4B-00C04F79EFBC}") = "Fundusze.BlazorServer", "Fundusze.BlazorServer\Fundusze.BlazorServer.csproj", "{D3EEDE66-4775-2896-B612-50487F1193E4}"
EndProject
Project("{FAE04EC0-301F-11D3-BF4B-00C04F79EFBC}") = "Fundusze.BlazorWasm", "Fundusze.BlazorWasm\Fundusze.BlazorWasm.csproj", "{C28E1564-E9EB-D6BD-EE8A-07E5FF3D4BF5}"
EndProject
Project("{FAE04EC0-301F-11D3-BF4B-00C04F79EFBC}") = "Fundusze.Domain", "Fundusze.Domain\Fundusze.Domain.csproj", "{93AA1F20-F47F-D6FD-04CF-CC05F8CD52A9}"
EndProject
Project("{FAE04EC0-301F-11D3-BF4B-00C04F79EFBC}") = "Fundusze.Infrastucture", "Fundusze.Infrastucture\Fundusze.Infrastucture.csproj", "{286C7BC6-5873-4A16-93BD-DE5E3CBFB47D}"
EndProject
Project("{FAE04EC0-301F-11D3-BF4B-00C04F79EFBC}") = "Fundusze.SharedKernel", "Fundusze.SharedKernel\Fundusze.SharedKernel.csproj", "{03151E89-0C38-9183-F138-A4985E924662}"
EndProject
Project("{FAE04EC0-301F-11D3-BF4B-00C04F79EFBC}") = "Fundusze.WebAPI", "Fundusze.WebAPI\Fundusze.WebAPI.csproj", "{86F46630-B00B-BA63-B868-EB08B2AE3C2D}"
EndProject
Global
	GlobalSection(SolutionConfigurationPlatforms) = preSolution
		Debug|Any CPU = Debug|Any CPU
		Release|Any CPU = Release|Any CPU
	EndGlobalSection
	GlobalSection(ProjectConfigurationPlatforms) = postSolution
		{F7EE4BF4-1D3B-D1B9-6180-D988ABCB55E8}.Debug|Any CPU.ActiveCfg = Debug|Any CPU
		{F7EE4BF4-1D3B-D1B9-6180-D988ABCB55E8}.Debug|Any CPU.Build.0 = Debug|Any CPU
		{F7EE4BF4-1D3B-D1B9-6180-D988ABCB55E8}.Release|Any CPU.ActiveCfg = Release|Any CPU
		{F7EE4BF4-1D3B-D1B9-6180-D988ABCB55E8}.Release|Any CPU.Build.0 = Release|Any CPU
		{D3EEDE66-4775-2896-B612-50487F1193E4}.Debug|Any CPU.ActiveCfg = Debug|Any CPU
		{D3EEDE66-4775-2896-B612-50487F1193E4}.Debug|Any CPU.Build.0 = Debug|Any CPU
		{D3EEDE66-4775-2896-B612-50487F1193E4}.Release|Any CPU.ActiveCfg = Release|Any CPU
		{D3EEDE66-4775-2896-B612-50487F1193E4}.Release|Any CPU.Build.0 = Release|Any CPU
		{C28E1564-E9EB-D6BD-EE8A-07E5FF3D4BF5}.Debug|Any CPU.ActiveCfg = Debug|Any CPU
		{C28E1564-E9EB-D6BD-EE8A-07E5FF3D4BF5}.Debug|Any CPU.Build.0 = Debug|Any CPU
		{C28E1564-E9EB-D6BD-EE8A-07E5FF3D4BF5}.Release|Any CPU.ActiveCfg = Release|Any CPU
		{C28E1564-E9EB-D6BD-EE8A-07E5FF3D4BF5}.Release|Any CPU.Build.0 = Release|Any CPU
		{93AA1F20-F47F-D6FD-04CF-CC05F8CD52A9}.Debug|Any CPU.ActiveCfg = Debug|Any CPU
		{93AA1F20-F47F-D6FD-04CF-CC05F8CD52A9}.Debug|Any CPU.Build.0 = Debug|Any CPU
		{93AA1F20-F47F-D6FD-04CF-CC05F8CD52A9}.Release|Any CPU.ActiveCfg = Release|Any CPU
		{93AA1F20-F47F-D6FD-04CF-CC05F8CD52A9}.Release|Any CPU.Build.0 = Release|Any CPU
		{286C7BC6-5873-4A16-93BD-DE5E3CBFB47D}.Debug|Any CPU.ActiveCfg = Debug|Any CPU
		{286C7BC6-5873-4A16-93BD-DE5E3CBFB47D}.Debug|Any CPU.Build.0 = Debug|Any CPU
		{286C7BC6-5873-4A16-93BD-DE5E3CBFB47D}.Release|Any CPU.ActiveCfg = Release|Any CPU
		{286C7BC6-5873-4A16-93BD-DE5E3CBFB47D}.Release|Any CPU.Build.0 = Release|Any CPU
		{03151E89-0C38-9183-F138-A4985E924662}.Debug|Any CPU.ActiveCfg = Debug|Any CPU
		{03151E89-0C38-9183-F138-A4985E924662}.Debug|Any CPU.Build.0 = Debug|Any CPU
		{03151E89-0C38-9183-F138-A4985E924662}.Release|Any CPU.ActiveCfg = Release|Any CPU
		{03151E89-0C38-9183-F138-A4985E924662}.Release|Any CPU.Build.0 = Release|Any CPU
		{86F46630-B00B-BA63-B868-EB08B2AE3C2D}.Debug|Any CPU.ActiveCfg = Debug|Any CPU
		{86F46630-B00B-BA63-B868-EB08B2AE3C2D}.Debug|Any CPU.Build.0 = Debug|Any CPU
		{86F46630-B00B-BA63-B868-EB08B2AE3C2D}.Release|Any CPU.ActiveCfg = Release|Any CPU
		{86F46630-B00B-BA63-B868-EB08B2AE3C2D}.Release|Any CPU.Build.0 = Release|Any CPU
	EndGlobalSection
	GlobalSection(SolutionProperties) = preSolution
		HideSolutionNode = FALSE
	EndGlobalSection
	GlobalSection(ExtensibilityGlobals) = postSolution
		SolutionGuid = {95F81870-175A-4DB8-A3D3-C80B08F74FC0}
	EndGlobalSection
EndGlobal
